{
    "_meta": {
        "hash": {
            "sha256": "717231b2cb883ef424d5c08b28a0d21f7f9b82909e17521c352a67b3e50923f4"
        },
        "pipfile-spec": 6,
        "requires": {
            "python_version": "3.7"
        },
        "sources": [
            {
                "name": "pypi",
                "url": "https://pypi.org/simple",
                "verify_ssl": true
            }
        ]
    },
    "default": {
        "httplib2": {
            "hashes": [
                "sha256:39dd15a333f67bfb70798faa9de8a6e99c819da6ad82b77f9a259a5c7b1225a2",
                "sha256:6d9722decd2deacd486ef10c5dd5e2f120ca3ba8736842b90509afcdc16488b1"
            ],
            "version": "==0.17.3"
        },
        "python-pipedrive": {
            "hashes": [
                "sha256:f492269c73b1de6ba459a907bb2b0840e83b77db861cc125effc2e81a88f1839"
            ],
            "index": "pypi",
            "version": "==0.4.0"
        }
    },
    "develop": {}
}
